
Microsoft Visual Studio Solution File, Format Version 12.00
# Visual Studio Version 17
VisualStudioVersion = 17.12.35527.113
MinimumVisualStudioVersion = 10.0.40219.1
Project("{2150E333-8FDC-42A3-9474-1A3956D46DE8}") = "Microservices", "Microservices", "{29754CEA-A901-4964-B95E-C8B29A522B85}"
EndProject
Project("{2150E333-8FDC-42A3-9474-1A3956D46DE8}") = "Domain", "Domain", "{D100BCC4-2B83-4667-8E0D-E962A0E5BD92}"
EndProject
Project("{2150E333-8FDC-42A3-9474-1A3956D46DE8}") = "Infra.Bus", "Infra.Bus", "{EF7E6326-1C73-4645-B4A6-D3430EBEE3BE}"
EndProject
Project("{2150E333-8FDC-42A3-9474-1A3956D46DE8}") = "Infra.Ioc", "Infra.Ioc", "{A494C8BB-645A-4CA1-98B6-D95EE740BEC5}"
EndProject
Project("{2150E333-8FDC-42A3-9474-1A3956D46DE8}") = "Presentation", "Presentation", "{C7CCDD13-8C0F-45F4-AB56-0F3219EE37CB}"
EndProject
Project("{FAE04EC0-301F-11D3-BF4B-00C04F79EFBC}") = "MicroRabbit.Domain.Core", "MicroRabbit.Domain.Core\MicroRabbit.Domain.Core.csproj", "{BDD8FCB0-D827-4F56-8609-08005638AF7C}"
EndProject
Project("{FAE04EC0-301F-11D3-BF4B-00C04F79EFBC}") = "MicroRabbit.Infra.Bus", "MicroRabbit.Infra.Bus\MicroRabbit.Infra.Bus.csproj", "{9F736000-BF4C-4A3F-B317-6A5AD48B431C}"
EndProject
Project("{FAE04EC0-301F-11D3-BF4B-00C04F79EFBC}") = "MicroRabbit.Infra.Ioc", "MicroRabbit.Infra.Ioc\MicroRabbit.Infra.Ioc.csproj", "{52EDC203-0094-4E95-8A98-42BCF9EAB2CE}"
EndProject
Project("{2150E333-8FDC-42A3-9474-1A3956D46DE8}") = "Banking", "Banking", "{5D53F877-E98E-4F40-A29E-5B1C7406F786}"
EndProject
Project("{2150E333-8FDC-42A3-9474-1A3956D46DE8}") = "Api", "Api", "{434A424B-F97D-4391-9C8D-47F2BE602D0C}"
EndProject
Project("{2150E333-8FDC-42A3-9474-1A3956D46DE8}") = "Application", "Application", "{3F70A276-EF9C-4D29-AB0A-6939F81CA595}"
EndProject
Project("{2150E333-8FDC-42A3-9474-1A3956D46DE8}") = "Data", "Data", "{0F4327B7-3A27-4AE8-88C4-42E9EE0EEBDE}"
EndProject
Project("{2150E333-8FDC-42A3-9474-1A3956D46DE8}") = "Domain", "Domain", "{0DE0065C-F270-49F8-A5D2-A8D974A737A1}"
EndProject
Project("{FAE04EC0-301F-11D3-BF4B-00C04F79EFBC}") = "MicroRabbit.Banking.Api", "MicroRabbit.Banking.Api\MicroRabbit.Banking.Api.csproj", "{59C6544D-8FBB-4C81-BC22-D9DCC092D095}"
EndProject
Project("{FAE04EC0-301F-11D3-BF4B-00C04F79EFBC}") = "MicroRabbit.Banking.Application", "MicroRabbit.Banking.Application\MicroRabbit.Banking.Application.csproj", "{E0341ED6-3772-4042-83D4-E993DFCD1011}"
EndProject
Project("{FAE04EC0-301F-11D3-BF4B-00C04F79EFBC}") = "MicroRabbit.Banking.Data", "MicroRabbit.Banking.Data\MicroRabbit.Banking.Data.csproj", "{9193D435-492E-41C9-9996-E46682422E4F}"
EndProject
Project("{FAE04EC0-301F-11D3-BF4B-00C04F79EFBC}") = "MicroRabbit.Banking.Domain", "MicroRabbit.Banking.Domain\MicroRabbit.Banking.Domain.csproj", "{B317FDA1-0A1F-49FB-9865-FBA0FE52AB4B}"
EndProject
Project("{2150E333-8FDC-42A3-9474-1A3956D46DE8}") = "Transfer", "Transfer", "{F9C380D7-1528-495E-9F25-E01EE7A997AA}"
EndProject
Project("{2150E333-8FDC-42A3-9474-1A3956D46DE8}") = "Api", "Api", "{2542E9C9-A80F-4EC2-AB08-E521651519A3}"
EndProject
Project("{2150E333-8FDC-42A3-9474-1A3956D46DE8}") = "Application", "Application", "{9CD02CD8-65E5-4533-872D-5C993EB121E7}"
EndProject
Project("{2150E333-8FDC-42A3-9474-1A3956D46DE8}") = "Data", "Data", "{C75A6129-664A-481B-ABE3-53B1D9017CE2}"
EndProject
Project("{2150E333-8FDC-42A3-9474-1A3956D46DE8}") = "Domain", "Domain", "{C5768D94-6B12-46C8-A80C-8A9A7EA6916D}"
EndProject
Project("{FAE04EC0-301F-11D3-BF4B-00C04F79EFBC}") = "MicroRabbit.Transfer.Api", "MicroRabbit.Transfer.Api\MicroRabbit.Transfer.Api.csproj", "{45FAB056-C3BA-4C8A-8A60-0C467FF5C7C2}"
EndProject
Project("{FAE04EC0-301F-11D3-BF4B-00C04F79EFBC}") = "MicroRabbit.Transfer.Application", "MicroRabbit.Transfer.Application\MicroRabbit.Transfer.Application.csproj", "{CDBE57F6-2690-4AE6-A246-AB53EC579175}"
EndProject
Project("{FAE04EC0-301F-11D3-BF4B-00C04F79EFBC}") = "MicroRabbit.Transfer.Data", "MicroRabbit.Transfer.Data\MicroRabbit.Transfer.Data.csproj", "{E69E75C9-036E-4264-A0E7-30D2FE528023}"
EndProject
Project("{FAE04EC0-301F-11D3-BF4B-00C04F79EFBC}") = "MicroRabbit.Transfer.Domain", "MicroRabbit.Transfer.Domain\MicroRabbit.Transfer.Domain.csproj", "{6D1AA7F2-6302-4EC4-B5DC-244E000D889E}"
EndProject
Global
	GlobalSection(SolutionConfigurationPlatforms) = preSolution
		Debug|Any CPU = Debug|Any CPU
		Release|Any CPU = Release|Any CPU
	EndGlobalSection
	GlobalSection(ProjectConfigurationPlatforms) = postSolution
		{BDD8FCB0-D827-4F56-8609-08005638AF7C}.Debug|Any CPU.ActiveCfg = Debug|Any CPU
		{BDD8FCB0-D827-4F56-8609-08005638AF7C}.Debug|Any CPU.Build.0 = Debug|Any CPU
		{BDD8FCB0-D827-4F56-8609-08005638AF7C}.Release|Any CPU.ActiveCfg = Release|Any CPU
		{BDD8FCB0-D827-4F56-8609-08005638AF7C}.Release|Any CPU.Build.0 = Release|Any CPU
		{9F736000-BF4C-4A3F-B317-6A5AD48B431C}.Debug|Any CPU.ActiveCfg = Debug|Any CPU
		{9F736000-BF4C-4A3F-B317-6A5AD48B431C}.Debug|Any CPU.Build.0 = Debug|Any CPU
		{9F736000-BF4C-4A3F-B317-6A5AD48B431C}.Release|Any CPU.ActiveCfg = Release|Any CPU
		{9F736000-BF4C-4A3F-B317-6A5AD48B431C}.Release|Any CPU.Build.0 = Release|Any CPU
		{52EDC203-0094-4E95-8A98-42BCF9EAB2CE}.Debug|Any CPU.ActiveCfg = Debug|Any CPU
		{52EDC203-0094-4E95-8A98-42BCF9EAB2CE}.Debug|Any CPU.Build.0 = Debug|Any CPU
		{52EDC203-0094-4E95-8A98-42BCF9EAB2CE}.Release|Any CPU.ActiveCfg = Release|Any CPU
		{52EDC203-0094-4E95-8A98-42BCF9EAB2CE}.Release|Any CPU.Build.0 = Release|Any CPU
		{59C6544D-8FBB-4C81-BC22-D9DCC092D095}.Debug|Any CPU.ActiveCfg = Debug|Any CPU
		{59C6544D-8FBB-4C81-BC22-D9DCC092D095}.Debug|Any CPU.Build.0 = Debug|Any CPU
		{59C6544D-8FBB-4C81-BC22-D9DCC092D095}.Release|Any CPU.ActiveCfg = Release|Any CPU
		{59C6544D-8FBB-4C81-BC22-D9DCC092D095}.Release|Any CPU.Build.0 = Release|Any CPU
		{E0341ED6-3772-4042-83D4-E993DFCD1011}.Debug|Any CPU.ActiveCfg = Debug|Any CPU
		{E0341ED6-3772-4042-83D4-E993DFCD1011}.Debug|Any CPU.Build.0 = Debug|Any CPU
		{E0341ED6-3772-4042-83D4-E993DFCD1011}.Release|Any CPU.ActiveCfg = Release|Any CPU
		{E0341ED6-3772-4042-83D4-E993DFCD1011}.Release|Any CPU.Build.0 = Release|Any CPU
		{9193D435-492E-41C9-9996-E46682422E4F}.Debug|Any CPU.ActiveCfg = Debug|Any CPU
		{9193D435-492E-41C9-9996-E46682422E4F}.Debug|Any CPU.Build.0 = Debug|Any CPU
		{9193D435-492E-41C9-9996-E46682422E4F}.Release|Any CPU.ActiveCfg = Release|Any CPU
		{9193D435-492E-41C9-9996-E46682422E4F}.Release|Any CPU.Build.0 = Release|Any CPU
		{B317FDA1-0A1F-49FB-9865-FBA0FE52AB4B}.Debug|Any CPU.ActiveCfg = Debug|Any CPU
		{B317FDA1-0A1F-49FB-9865-FBA0FE52AB4B}.Debug|Any CPU.Build.0 = Debug|Any CPU
		{B317FDA1-0A1F-49FB-9865-FBA0FE52AB4B}.Release|Any CPU.ActiveCfg = Release|Any CPU
		{B317FDA1-0A1F-49FB-9865-FBA0FE52AB4B}.Release|Any CPU.Build.0 = Release|Any CPU
		{45FAB056-C3BA-4C8A-8A60-0C467FF5C7C2}.Debug|Any CPU.ActiveCfg = Debug|Any CPU
		{45FAB056-C3BA-4C8A-8A60-0C467FF5C7C2}.Debug|Any CPU.Build.0 = Debug|Any CPU
		{45FAB056-C3BA-4C8A-8A60-0C467FF5C7C2}.Release|Any CPU.ActiveCfg = Release|Any CPU
		{45FAB056-C3BA-4C8A-8A60-0C467FF5C7C2}.Release|Any CPU.Build.0 = Release|Any CPU
		{CDBE57F6-2690-4AE6-A246-AB53EC579175}.Debug|Any CPU.ActiveCfg = Debug|Any CPU
		{CDBE57F6-2690-4AE6-A246-AB53EC579175}.Debug|Any CPU.Build.0 = Debug|Any CPU
		{CDBE57F6-2690-4AE6-A246-AB53EC579175}.Release|Any CPU.ActiveCfg = Release|Any CPU
		{CDBE57F6-2690-4AE6-A246-AB53EC579175}.Release|Any CPU.Build.0 = Release|Any CPU
		{E69E75C9-036E-4264-A0E7-30D2FE528023}.Debug|Any CPU.ActiveCfg = Debug|Any CPU
		{E69E75C9-036E-4264-A0E7-30D2FE528023}.Debug|Any CPU.Build.0 = Debug|Any CPU
		{E69E75C9-036E-4264-A0E7-30D2FE528023}.Release|Any CPU.ActiveCfg = Release|Any CPU
		{E69E75C9-036E-4264-A0E7-30D2FE528023}.Release|Any CPU.Build.0 = Release|Any CPU
		{6D1AA7F2-6302-4EC4-B5DC-244E000D889E}.Debug|Any CPU.ActiveCfg = Debug|Any CPU
		{6D1AA7F2-6302-4EC4-B5DC-244E000D889E}.Debug|Any CPU.Build.0 = Debug|Any CPU
		{6D1AA7F2-6302-4EC4-B5DC-244E000D889E}.Release|Any CPU.ActiveCfg = Release|Any CPU
		{6D1AA7F2-6302-4EC4-B5DC-244E000D889E}.Release|Any CPU.Build.0 = Release|Any CPU
	EndGlobalSection
	GlobalSection(SolutionProperties) = preSolution
		HideSolutionNode = FALSE
	EndGlobalSection
	GlobalSection(NestedProjects) = preSolution
		{BDD8FCB0-D827-4F56-8609-08005638AF7C} = {D100BCC4-2B83-4667-8E0D-E962A0E5BD92}
		{9F736000-BF4C-4A3F-B317-6A5AD48B431C} = {EF7E6326-1C73-4645-B4A6-D3430EBEE3BE}
		{52EDC203-0094-4E95-8A98-42BCF9EAB2CE} = {A494C8BB-645A-4CA1-98B6-D95EE740BEC5}
		{5D53F877-E98E-4F40-A29E-5B1C7406F786} = {29754CEA-A901-4964-B95E-C8B29A522B85}
		{434A424B-F97D-4391-9C8D-47F2BE602D0C} = {5D53F877-E98E-4F40-A29E-5B1C7406F786}
		{3F70A276-EF9C-4D29-AB0A-6939F81CA595} = {5D53F877-E98E-4F40-A29E-5B1C7406F786}
		{0F4327B7-3A27-4AE8-88C4-42E9EE0EEBDE} = {5D53F877-E98E-4F40-A29E-5B1C7406F786}
		{0DE0065C-F270-49F8-A5D2-A8D974A737A1} = {5D53F877-E98E-4F40-A29E-5B1C7406F786}
		{59C6544D-8FBB-4C81-BC22-D9DCC092D095} = {434A424B-F97D-4391-9C8D-47F2BE602D0C}
		{E0341ED6-3772-4042-83D4-E993DFCD1011} = {3F70A276-EF9C-4D29-AB0A-6939F81CA595}
		{9193D435-492E-41C9-9996-E46682422E4F} = {0F4327B7-3A27-4AE8-88C4-42E9EE0EEBDE}
		{B317FDA1-0A1F-49FB-9865-FBA0FE52AB4B} = {0DE0065C-F270-49F8-A5D2-A8D974A737A1}
		{F9C380D7-1528-495E-9F25-E01EE7A997AA} = {29754CEA-A901-4964-B95E-C8B29A522B85}
		{2542E9C9-A80F-4EC2-AB08-E521651519A3} = {F9C380D7-1528-495E-9F25-E01EE7A997AA}
		{9CD02CD8-65E5-4533-872D-5C993EB121E7} = {F9C380D7-1528-495E-9F25-E01EE7A997AA}
		{C75A6129-664A-481B-ABE3-53B1D9017CE2} = {F9C380D7-1528-495E-9F25-E01EE7A997AA}
		{C5768D94-6B12-46C8-A80C-8A9A7EA6916D} = {F9C380D7-1528-495E-9F25-E01EE7A997AA}
		{45FAB056-C3BA-4C8A-8A60-0C467FF5C7C2} = {2542E9C9-A80F-4EC2-AB08-E521651519A3}
		{CDBE57F6-2690-4AE6-A246-AB53EC579175} = {9CD02CD8-65E5-4533-872D-5C993EB121E7}
		{E69E75C9-036E-4264-A0E7-30D2FE528023} = {C75A6129-664A-481B-ABE3-53B1D9017CE2}
		{6D1AA7F2-6302-4EC4-B5DC-244E000D889E} = {C5768D94-6B12-46C8-A80C-8A9A7EA6916D}
	EndGlobalSection
EndGlobal
